# Code generated by scarb DO NOT EDIT.
version = 1

[[package]]
name = "alexandria_btc"
version = "0.10.0"
source = "registry+https://scarbs.xyz/"
checksum = "sha256:a20a992efc04c21e578e291144ce78bd45f3054f6b22ee16916c0bc9725fb687"
dependencies = [
 "alexandria_bytes",
 "alexandria_data_structures",
 "alexandria_encoding",
 "alexandria_math",
]

[[package]]
name = "alexandria_bytes"
version = "0.10.0"
source = "registry+https://scarbs.xyz/"
checksum = "sha256:3b5d9ccf7deea3833c42fb58e5f460e716d16cb44602d922256b535255760122"
dependencies = [
 "alexandria_data_structures",
 "alexandria_math",
]

[[package]]
name = "alexandria_data_structures"
version = "0.10.0"
source = "registry+https://scarbs.xyz/"
checksum = "sha256:1c763030a809d9ae2304a343ee076a9efda21edf6d116805faa010d43c7f6430"

[[package]]
name = "alexandria_encoding"
version = "0.10.0"
source = "registry+https://scarbs.xyz/"
checksum = "sha256:7fecea2098644342cdbadc720769767c000bbef48d39c32f4b76e9f963647ba5"
dependencies = [
 "alexandria_bytes",
 "alexandria_data_structures",
 "alexandria_math",
 "alexandria_numeric",
]

[[package]]
name = "alexandria_math"
version = "0.10.0"
source = "registry+https://scarbs.xyz/"
checksum = "sha256:b370905ed122b693a364690b83837bc40eb0640ebba334efeed0c0ec666432e5"

[[package]]
name = "alexandria_numeric"
version = "0.10.0"
source = "registry+https://scarbs.xyz/"
checksum = "sha256:ca1cc984885d5ae3248bca55bebdfe44cdd7a47c863ae6529ba7a4692564f8e4"
dependencies = [
 "alexandria_math",
 "alexandria_searching",
]

[[package]]
name = "alexandria_searching"
version = "0.10.0"
source = "registry+https://scarbs.xyz/"
checksum = "sha256:64c1d5c5c007014ef9ce58cceb02ee683d7fc1edbd8859a9a0ad985477a203bd"
dependencies = [
 "alexandria_data_structures",
]

[[package]]
name = "ideal_bridge"
version = "0.1.0"
dependencies = [
 "alexandria_btc",
 "openzeppelin_token",
 "snforge_std",
]

[[package]]
name = "openzeppelin_access"
version = "3.0.0"
source = "registry+https://scarbs.xyz/"
checksum = "sha256:2c7fab22d2601fca4f456c81272637f2563a423652d1671383bbe3d007803977"
dependencies = [
 "openzeppelin_interfaces",
 "openzeppelin_introspection",
]

[[package]]
name = "openzeppelin_interfaces"
version = "2.1.0"
source = "registry+https://scarbs.xyz/"
checksum = "sha256:f69fdb36eb894a0e0732385e723c5ff56d8cb4c1d49b29446c77eefac00b02a5"

[[package]]
name = "openzeppelin_introspection"
version = "3.0.0"
source = "registry+https://scarbs.xyz/"
checksum = "sha256:ee491981a69736cde220f8b7dd290b6d8620c85ee6b83c81f665f5bef78b62b1"
dependencies = [
 "openzeppelin_interfaces",
]

[[package]]
name = "openzeppelin_token"
version = "3.0.0"
source = "registry+https://scarbs.xyz/"
checksum = "sha256:5ce19d297251d9f11acc38a3e3e2faeb2e73b003c8de2f02c7c5d06d9161a5fc"
dependencies = [
 "openzeppelin_access",
 "openzeppelin_interfaces",
 "openzeppelin_introspection",
 "openzeppelin_utils",
]

[[package]]
name = "openzeppelin_utils"
version = "2.1.0"
source = "registry+https://scarbs.xyz/"
checksum = "sha256:4d5504fef1c5a6d9fee6a3ae392004a4a24b4b3ccb790c5e5217da96beb73e08"
dependencies = [
 "openzeppelin_interfaces",
]

[[package]]
name = "snforge_scarb_plugin"
version = "0.58.0"
source = "registry+https://scarbs.xyz/"
checksum = "sha256:d0812b17e87aa03218c483074fe5a6f7f802eff070a732d3e381f3f8142ea938"

[[package]]
name = "snforge_std"
version = "0.58.0"
source = "registry+https://scarbs.xyz/"
checksum = "sha256:6fcc515945a84392c947a76f913dbc62ffecf659d69c81d42db5f1fc3ce4ea4b"
dependencies = [
 "snforge_scarb_plugin",
]
